
Microsoft Visual Studio Solution File, Format Version 12.00
# Visual Studio Version 16
VisualStudioVersion = 16.0.29201.188
MinimumVisualStudioVersion = 10.0.40219.1
Project("{FAE04EC0-301F-11D3-BF4B-00C04F79EFBC}") = "202110202", "202110202\202110202.csproj", "{2E5500A1-F482-48B0-8FB2-0FA3EB4AE54B}"
EndProject
Global
	GlobalSection(SolutionConfigurationPlatforms) = preSolution
		Debug|Any CPU = Debug|Any CPU
		Release|Any CPU = Release|Any CPU
	EndGlobalSection
	GlobalSection(ProjectConfigurationPlatforms) = postSolution
		{2E5500A1-F482-48B0-8FB2-0FA3EB4AE54B}.Debug|Any CPU.ActiveCfg = Debug|Any CPU
		{2E5500A1-F482-48B0-8FB2-0FA3EB4AE54B}.Debug|Any CPU.Build.0 = Debug|Any CPU
		{2E5500A1-F482-48B0-8FB2-0FA3EB4AE54B}.Release|Any CPU.ActiveCfg = Release|Any CPU
		{2E5500A1-F482-48B0-8FB2-0FA3EB4AE54B}.Release|Any CPU.Build.0 = Release|Any CPU
	EndGlobalSection
	GlobalSection(SolutionProperties) = preSolution
		HideSolutionNode = FALSE
	EndGlobalSection
	GlobalSection(ExtensibilityGlobals) = postSolution
		SolutionGuid = {B0823273-8C68-46A8-B653-867848140920}
	EndGlobalSection
EndGlobal
