
Microsoft Visual Studio Solution File, Format Version 12.00
# Visual Studio Version 16
VisualStudioVersion = 16.0.29201.188
MinimumVisualStudioVersion = 10.0.40219.1
Project("{FAE04EC0-301F-11D3-BF4B-00C04F79EFBC}") = "6.feladat", "6.feladat\6.feladat.csproj", "{E096AAD0-514A-4BED-9F3B-A94D7D32563A}"
EndProject
Global
	GlobalSection(SolutionConfigurationPlatforms) = preSolution
		Debug|Any CPU = Debug|Any CPU
		Release|Any CPU = Release|Any CPU
	EndGlobalSection
	GlobalSection(ProjectConfigurationPlatforms) = postSolution
		{E096AAD0-514A-4BED-9F3B-A94D7D32563A}.Debug|Any CPU.ActiveCfg = Debug|Any CPU
		{E096AAD0-514A-4BED-9F3B-A94D7D32563A}.Debug|Any CPU.Build.0 = Debug|Any CPU
		{E096AAD0-514A-4BED-9F3B-A94D7D32563A}.Release|Any CPU.ActiveCfg = Release|Any CPU
		{E096AAD0-514A-4BED-9F3B-A94D7D32563A}.Release|Any CPU.Build.0 = Release|Any CPU
	EndGlobalSection
	GlobalSection(SolutionProperties) = preSolution
		HideSolutionNode = FALSE
	EndGlobalSection
	GlobalSection(ExtensibilityGlobals) = postSolution
		SolutionGuid = {9BB0068F-395A-4244-B788-49CD9A512909}
	EndGlobalSection
EndGlobal
