
Microsoft Visual Studio Solution File, Format Version 12.00
# Visual Studio Version 16
VisualStudioVersion = 16.0.29201.188
MinimumVisualStudioVersion = 10.0.40219.1
Project("{FAE04EC0-301F-11D3-BF4B-00C04F79EFBC}") = "20211108", "20211108\20211108.csproj", "{EE3DD6DA-72CD-41D5-A5BC-227F22F0AB69}"
EndProject
Global
	GlobalSection(SolutionConfigurationPlatforms) = preSolution
		Debug|Any CPU = Debug|Any CPU
		Release|Any CPU = Release|Any CPU
	EndGlobalSection
	GlobalSection(ProjectConfigurationPlatforms) = postSolution
		{EE3DD6DA-72CD-41D5-A5BC-227F22F0AB69}.Debug|Any CPU.ActiveCfg = Debug|Any CPU
		{EE3DD6DA-72CD-41D5-A5BC-227F22F0AB69}.Debug|Any CPU.Build.0 = Debug|Any CPU
		{EE3DD6DA-72CD-41D5-A5BC-227F22F0AB69}.Release|Any CPU.ActiveCfg = Release|Any CPU
		{EE3DD6DA-72CD-41D5-A5BC-227F22F0AB69}.Release|Any CPU.Build.0 = Release|Any CPU
	EndGlobalSection
	GlobalSection(SolutionProperties) = preSolution
		HideSolutionNode = FALSE
	EndGlobalSection
	GlobalSection(ExtensibilityGlobals) = postSolution
		SolutionGuid = {A436BE40-640D-4B5E-B9D3-BE7852E1D86D}
	EndGlobalSection
EndGlobal
