
Microsoft Visual Studio Solution File, Format Version 12.00
# Visual Studio Version 16
VisualStudioVersion = 16.0.29201.188
MinimumVisualStudioVersion = 10.0.40219.1
Project("{FAE04EC0-301F-11D3-BF4B-00C04F79EFBC}") = "20210929", "20210929\20210929.csproj", "{D31F3DBE-5834-4B37-A9D6-9C36F98052AA}"
EndProject
Global
	GlobalSection(SolutionConfigurationPlatforms) = preSolution
		Debug|Any CPU = Debug|Any CPU
		Release|Any CPU = Release|Any CPU
	EndGlobalSection
	GlobalSection(ProjectConfigurationPlatforms) = postSolution
		{D31F3DBE-5834-4B37-A9D6-9C36F98052AA}.Debug|Any CPU.ActiveCfg = Debug|Any CPU
		{D31F3DBE-5834-4B37-A9D6-9C36F98052AA}.Debug|Any CPU.Build.0 = Debug|Any CPU
		{D31F3DBE-5834-4B37-A9D6-9C36F98052AA}.Release|Any CPU.ActiveCfg = Release|Any CPU
		{D31F3DBE-5834-4B37-A9D6-9C36F98052AA}.Release|Any CPU.Build.0 = Release|Any CPU
	EndGlobalSection
	GlobalSection(SolutionProperties) = preSolution
		HideSolutionNode = FALSE
	EndGlobalSection
	GlobalSection(ExtensibilityGlobals) = postSolution
		SolutionGuid = {1A15EF8B-13D8-49A4-9E28-56F7159A9A4B}
	EndGlobalSection
EndGlobal
